// !$*UTF8*$!
{
	archiveVersion = 1;
	classes = {
	};
	objectVersion = 56;
	objects = {

/* Begin PBXBuildFile section */
		BF268F622A5BCED7000D159C /* CppTest.swift in Sources */ = {isa = PBXBuildFile; fileRef = BF268F612A5BCED7000D159C /* CppTest.swift */; };
		BF850B7B2A4EA64F006D5112 /* AppDelegate.swift in Sources */ = {isa = PBXBuildFile; fileRef = BF850B7A2A4EA64F006D5112 /* AppDelegate.swift */; };
		BF850B7D2A4EA64F006D5112 /* SceneDelegate.swift in Sources */ = {isa = PBXBuildFile; fileRef = BF850B7C2A4EA64F006D5112 /* SceneDelegate.swift */; };
		BF850B7F2A4EA64F006D5112 /* ViewController.swift in Sources */ = {isa = PBXBuildFile; fileRef = BF850B7E2A4EA64F006D5112 /* ViewController.swift */; };
		BF850B822A4EA64F006D5112 /* Main.storyboard in Resources */ = {isa = PBXBuildFile; fileRef = BF850B802A4EA64F006D5112 /* Main.storyboard */; };
		BF850B842A4EA650006D5112 /* Assets.xcassets in Resources */ = {isa = PBXBuildFile; fileRef = BF850B832A4EA650006D5112 /* Assets.xcassets */; };
		BF850B872A4EA650006D5112 /* LaunchScreen.storyboard in Resources */ = {isa = PBXBuildFile; fileRef = BF850B852A4EA650006D5112 /* LaunchScreen.storyboard */; };
		BF850B922A4EA650006D5112 /* ios_cpp_mixedTests.swift in Sources */ = {isa = PBXBuildFile; fileRef = BF850B912A4EA650006D5112 /* ios_cpp_mixedTests.swift */; };
		BF850B9C2A4EA650006D5112 /* ios_cpp_mixedUITests.swift in Sources */ = {isa = PBXBuildFile; fileRef = BF850B9B2A4EA650006D5112 /* ios_cpp_mixedUITests.swift */; };
		BF850B9E2A4EA650006D5112 /* ios_cpp_mixedUITestsLaunchTests.swift in Sources */ = {isa = PBXBuildFile; fileRef = BF850B9D2A4EA650006D5112 /* ios_cpp_mixedUITestsLaunchTests.swift */; };
		BF850BAE2A4EA6B5006D5112 /* bridge.cpp in Sources */ = {isa = PBXBuildFile; fileRef = BF850BAD2A4EA6B5006D5112 /* bridge.cpp */; };
/* End PBXBuildFile section */

/* Begin PBXContainerItemProxy section */
		BF850B8E2A4EA650006D5112 /* PBXContainerItemProxy */ = {
			isa = PBXContainerItemProxy;
			containerPortal = BF850B6F2A4EA64F006D5112 /* Project object */;
			proxyType = 1;
			remoteGlobalIDString = BF850B762A4EA64F006D5112;
			remoteInfo = ios_cpp_mixed;
		};
		BF850B982A4EA650006D5112 /* PBXContainerItemProxy */ = {
			isa = PBXContainerItemProxy;
			containerPortal = BF850B6F2A4EA64F006D5112 /* Project object */;
			proxyType = 1;
			remoteGlobalIDString = BF850B762A4EA64F006D5112;
			remoteInfo = ios_cpp_mixed;
		};
/* End PBXContainerItemProxy section */

/* Begin PBXFileReference section */
		BF268F612A5BCED7000D159C /* CppTest.swift */ = {isa = PBXFileReference; lastKnownFileType = sourcecode.swift; path = CppTest.swift; sourceTree = "<group>"; };
		BF850B772A4EA64F006D5112 /* ios_cpp_mixed.app */ = {isa = PBXFileReference; explicitFileType = wrapper.application; includeInIndex = 0; path = ios_cpp_mixed.app; sourceTree = BUILT_PRODUCTS_DIR; };
		BF850B7A2A4EA64F006D5112 /* AppDelegate.swift */ = {isa = PBXFileReference; lastKnownFileType = sourcecode.swift; path = AppDelegate.swift; sourceTree = "<group>"; };
		BF850B7C2A4EA64F006D5112 /* SceneDelegate.swift */ = {isa = PBXFileReference; lastKnownFileType = sourcecode.swift; path = SceneDelegate.swift; sourceTree = "<group>"; };
		BF850B7E2A4EA64F006D5112 /* ViewController.swift */ = {isa = PBXFileReference; lastKnownFileType = sourcecode.swift; path = ViewController.swift; sourceTree = "<group>"; };
		BF850B812A4EA64F006D5112 /* Base */ = {isa = PBXFileReference; lastKnownFileType = file.storyboard; name = Base; path = Base.lproj/Main.storyboard; sourceTree = "<group>"; };
		BF850B832A4EA650006D5112 /* Assets.xcassets */ = {isa = PBXFileReference; lastKnownFileType = folder.assetcatalog; path = Assets.xcassets; sourceTree = "<group>"; };
		BF850B862A4EA650006D5112 /* Base */ = {isa = PBXFileReference; lastKnownFileType = file.storyboard; name = Base; path = Base.lproj/LaunchScreen.storyboard; sourceTree = "<group>"; };
		BF850B882A4EA650006D5112 /* Info.plist */ = {isa = PBXFileReference; lastKnownFileType = text.plist.xml; path = Info.plist; sourceTree = "<group>"; };
		BF850B8D2A4EA650006D5112 /* ios_cpp_mixedTests.xctest */ = {isa = PBXFileReference; explicitFileType = wrapper.cfbundle; includeInIndex = 0; path = ios_cpp_mixedTests.xctest; sourceTree = BUILT_PRODUCTS_DIR; };
		BF850B912A4EA650006D5112 /* ios_cpp_mixedTests.swift */ = {isa = PBXFileReference; lastKnownFileType = sourcecode.swift; path = ios_cpp_mixedTests.swift; sourceTree = "<group>"; };
		BF850B972A4EA650006D5112 /* ios_cpp_mixedUITests.xctest */ = {isa = PBXFileReference; explicitFileType = wrapper.cfbundle; includeInIndex = 0; path = ios_cpp_mixedUITests.xctest; sourceTree = BUILT_PRODUCTS_DIR; };
		BF850B9B2A4EA650006D5112 /* ios_cpp_mixedUITests.swift */ = {isa = PBXFileReference; lastKnownFileType = sourcecode.swift; path = ios_cpp_mixedUITests.swift; sourceTree = "<group>"; };
		BF850B9D2A4EA650006D5112 /* ios_cpp_mixedUITestsLaunchTests.swift */ = {isa = PBXFileReference; lastKnownFileType = sourcecode.swift; path = ios_cpp_mixedUITestsLaunchTests.swift; sourceTree = "<group>"; };
		BF850BAB2A4EA6B5006D5112 /* bridge.hpp */ = {isa = PBXFileReference; fileEncoding = 4; lastKnownFileType = sourcecode.cpp.h; path = bridge.hpp; sourceTree = "<group>"; };
		BF850BAC2A4EA6B5006D5112 /* module.modulemap */ = {isa = PBXFileReference; fileEncoding = 4; lastKnownFileType = "sourcecode.module-map"; path = module.modulemap; sourceTree = "<group>"; };
		BF850BAD2A4EA6B5006D5112 /* bridge.cpp */ = {isa = PBXFileReference; fileEncoding = 4; lastKnownFileType = sourcecode.cpp.cpp; path = bridge.cpp; sourceTree = "<group>"; };
/* End PBXFileReference section */

/* Begin PBXFrameworksBuildPhase section */
		BF850B742A4EA64F006D5112 /* Frameworks */ = {
			isa = PBXFrameworksBuildPhase;
			buildActionMask = 2147483647;
			files = (
			);
			runOnlyForDeploymentPostprocessing = 0;
		};
		BF850B8A2A4EA650006D5112 /* Frameworks */ = {
			isa = PBXFrameworksBuildPhase;
			buildActionMask = 2147483647;
			files = (
			);
			runOnlyForDeploymentPostprocessing = 0;
		};
		BF850B942A4EA650006D5112 /* Frameworks */ = {
			isa = PBXFrameworksBuildPhase;
			buildActionMask = 2147483647;
			files = (
			);
			runOnlyForDeploymentPostprocessing = 0;
		};
/* End PBXFrameworksBuildPhase section */

/* Begin PBXGroup section */
		BF850B6E2A4EA64F006D5112 = {
			isa = PBXGroup;
			children = (
				BF850B792A4EA64F006D5112 /* ios_cpp_mixed */,
				BF850B902A4EA650006D5112 /* ios_cpp_mixedTests */,
				BF850B9A2A4EA650006D5112 /* ios_cpp_mixedUITests */,
				BF850B782A4EA64F006D5112 /* Products */,
			);
			sourceTree = "<group>";
		};
		BF850B782A4EA64F006D5112 /* Products */ = {
			isa = PBXGroup;
			children = (
				BF850B772A4EA64F006D5112 /* ios_cpp_mixed.app */,
				BF850B8D2A4EA650006D5112 /* ios_cpp_mixedTests.xctest */,
				BF850B972A4EA650006D5112 /* ios_cpp_mixedUITests.xctest */,
			);
			name = Products;
			sourceTree = "<group>";
		};
		BF850B792A4EA64F006D5112 /* ios_cpp_mixed */ = {
			isa = PBXGroup;
			children = (
				BF850BAA2A4EA65D006D5112 /* cpplib */,
				BF850B7A2A4EA64F006D5112 /* AppDelegate.swift */,
				BF850B7C2A4EA64F006D5112 /* SceneDelegate.swift */,
				BF850B7E2A4EA64F006D5112 /* ViewController.swift */,
				BF268F612A5BCED7000D159C /* CppTest.swift */,
				BF850B802A4EA64F006D5112 /* Main.storyboard */,
				BF850B832A4EA650006D5112 /* Assets.xcassets */,
				BF850B852A4EA650006D5112 /* LaunchScreen.storyboard */,
				BF850B882A4EA650006D5112 /* Info.plist */,
			);
			path = ios_cpp_mixed;
			sourceTree = "<group>";
		};
		BF850B902A4EA650006D5112 /* ios_cpp_mixedTests */ = {
			isa = PBXGroup;
			children = (
				BF850B912A4EA650006D5112 /* ios_cpp_mixedTests.swift */,
			);
			path = ios_cpp_mixedTests;
			sourceTree = "<group>";
		};
		BF850B9A2A4EA650006D5112 /* ios_cpp_mixedUITests */ = {
			isa = PBXGroup;
			children = (
				BF850B9B2A4EA650006D5112 /* ios_cpp_mixedUITests.swift */,
				BF850B9D2A4EA650006D5112 /* ios_cpp_mixedUITestsLaunchTests.swift */,
			);
			path = ios_cpp_mixedUITests;
			sourceTree = "<group>";
		};
		BF850BAA2A4EA65D006D5112 /* cpplib */ = {
			isa = PBXGroup;
			children = (
				BF850BAD2A4EA6B5006D5112 /* bridge.cpp */,
				BF850BAB2A4EA6B5006D5112 /* bridge.hpp */,
				BF850BAC2A4EA6B5006D5112 /* module.modulemap */,
			);
			path = cpplib;
			sourceTree = "<group>";
		};
/* End PBXGroup section */

/* Begin PBXNativeTarget section */
		BF850B762A4EA64F006D5112 /* ios_cpp_mixed */ = {
			isa = PBXNativeTarget;
			buildConfigurationList = BF850BA12A4EA650006D5112 /* Build configuration list for PBXNativeTarget "ios_cpp_mixed" */;
			buildPhases = (
				BF850B732A4EA64F006D5112 /* Sources */,
				BF850B742A4EA64F006D5112 /* Frameworks */,
				BF850B752A4EA64F006D5112 /* Resources */,
			);
			buildRules = (
			);
			dependencies = (
			);
			name = ios_cpp_mixed;
			productName = ios_cpp_mixed;
			productReference = BF850B772A4EA64F006D5112 /* ios_cpp_mixed.app */;
			productType = "com.apple.product-type.application";
		};
		BF850B8C2A4EA650006D5112 /* ios_cpp_mixedTests */ = {
			isa = PBXNativeTarget;
			buildConfigurationList = BF850BA42A4EA650006D5112 /* Build configuration list for PBXNativeTarget "ios_cpp_mixedTests" */;
			buildPhases = (
				BF850B892A4EA650006D5112 /* Sources */,
				BF850B8A2A4EA650006D5112 /* Frameworks */,
				BF850B8B2A4EA650006D5112 /* Resources */,
			);
			buildRules = (
			);
			dependencies = (
				BF850B8F2A4EA650006D5112 /* PBXTargetDependency */,
			);
			name = ios_cpp_mixedTests;
			productName = ios_cpp_mixedTests;
			productReference = BF850B8D2A4EA650006D5112 /* ios_cpp_mixedTests.xctest */;
			productType = "com.apple.product-type.bundle.unit-test";
		};
		BF850B962A4EA650006D5112 /* ios_cpp_mixedUITests */ = {
			isa = PBXNativeTarget;
			buildConfigurationList = BF850BA72A4EA650006D5112 /* Build configuration list for PBXNativeTarget "ios_cpp_mixedUITests" */;
			buildPhases = (
				BF850B932A4EA650006D5112 /* Sources */,
				BF850B942A4EA650006D5112 /* Frameworks */,
				BF850B952A4EA650006D5112 /* Resources */,
			);
			buildRules = (
			);
			dependencies = (
				BF850B992A4EA650006D5112 /* PBXTargetDependency */,
			);
			name = ios_cpp_mixedUITests;
			productName = ios_cpp_mixedUITests;
			productReference = BF850B972A4EA650006D5112 /* ios_cpp_mixedUITests.xctest */;
			productType = "com.apple.product-type.bundle.ui-testing";
		};
/* End PBXNativeTarget section */

/* Begin PBXProject section */
		BF850B6F2A4EA64F006D5112 /* Project object */ = {
			isa = PBXProject;
			attributes = {
				BuildIndependentTargetsInParallel = 1;
				LastSwiftUpdateCheck = 1430;
				LastUpgradeCheck = 1430;
				TargetAttributes = {
					BF850B762A4EA64F006D5112 = {
						CreatedOnToolsVersion = 14.3.1;
						LastSwiftMigration = 1430;
					};
					BF850B8C2A4EA650006D5112 = {
						CreatedOnToolsVersion = 14.3.1;
						TestTargetID = BF850B762A4EA64F006D5112;
					};
					BF850B962A4EA650006D5112 = {
						CreatedOnToolsVersion = 14.3.1;
						TestTargetID = BF850B762A4EA64F006D5112;
					};
				};
			};
			buildConfigurationList = BF850B722A4EA64F006D5112 /* Build configuration list for PBXProject "ios_cpp_mixed" */;
			compatibilityVersion = "Xcode 14.0";
			developmentRegion = en;
			hasScannedForEncodings = 0;
			knownRegions = (
				en,
				Base,
			);
			mainGroup = BF850B6E2A4EA64F006D5112;
			productRefGroup = BF850B782A4EA64F006D5112 /* Products */;
			projectDirPath = "";
			projectRoot = "";
			targets = (
				BF850B762A4EA64F006D5112 /* ios_cpp_mixed */,
				BF850B8C2A4EA650006D5112 /* ios_cpp_mixedTests */,
				BF850B962A4EA650006D5112 /* ios_cpp_mixedUITests */,
			);
		};
/* End PBXProject section */

/* Begin PBXResourcesBuildPhase section */
		BF850B752A4EA64F006D5112 /* Resources */ = {
			isa = PBXResourcesBuildPhase;
			buildActionMask = 2147483647;
			files = (
				BF850B872A4EA650006D5112 /* LaunchScreen.storyboard in Resources */,
				BF850B842A4EA650006D5112 /* Assets.xcassets in Resources */,
				BF850B822A4EA64F006D5112 /* Main.storyboard in Resources */,
			);
			runOnlyForDeploymentPostprocessing = 0;
		};
		BF850B8B2A4EA650006D5112 /* Resources */ = {
			isa = PBXResourcesBuildPhase;
			buildActionMask = 2147483647;
			files = (
			);
			runOnlyForDeploymentPostprocessing = 0;
		};
		BF850B952A4EA650006D5112 /* Resources */ = {
			isa = PBXResourcesBuildPhase;
			buildActionMask = 2147483647;
			files = (
			);
			runOnlyForDeploymentPostprocessing = 0;
		};
/* End PBXResourcesBuildPhase section */

/* Begin PBXSourcesBuildPhase section */
		BF850B732A4EA64F006D5112 /* Sources */ = {
			isa = PBXSourcesBuildPhase;
			buildActionMask = 2147483647;
			files = (
				BF850BAE2A4EA6B5006D5112 /* bridge.cpp in Sources */,
				BF850B7F2A4EA64F006D5112 /* ViewController.swift in Sources */,
				BF850B7B2A4EA64F006D5112 /* AppDelegate.swift in Sources */,
				BF268F622A5BCED7000D159C /* CppTest.swift in Sources */,
				BF850B7D2A4EA64F006D5112 /* SceneDelegate.swift in Sources */,
			);
			runOnlyForDeploymentPostprocessing = 0;
		};
		BF850B892A4EA650006D5112 /* Sources */ = {
			isa = PBXSourcesBuildPhase;
			buildActionMask = 2147483647;
			files = (
				BF850B922A4EA650006D5112 /* ios_cpp_mixedTests.swift in Sources */,
			);
			runOnlyForDeploymentPostprocessing = 0;
		};
		BF850B932A4EA650006D5112 /* Sources */ = {
			isa = PBXSourcesBuildPhase;
			buildActionMask = 2147483647;
			files = (
				BF850B9E2A4EA650006D5112 /* ios_cpp_mixedUITestsLaunchTests.swift in Sources */,
				BF850B9C2A4EA650006D5112 /* ios_cpp_mixedUITests.swift in Sources */,
			);
			runOnlyForDeploymentPostprocessing = 0;
		};
/* End PBXSourcesBuildPhase section */

/* Begin PBXTargetDependency section */
		BF850B8F2A4EA650006D5112 /* PBXTargetDependency */ = {
			isa = PBXTargetDependency;
			target = BF850B762A4EA64F006D5112 /* ios_cpp_mixed */;
			targetProxy = BF850B8E2A4EA650006D5112 /* PBXContainerItemProxy */;
		};
		BF850B992A4EA650006D5112 /* PBXTargetDependency */ = {
			isa = PBXTargetDependency;
			target = BF850B762A4EA64F006D5112 /* ios_cpp_mixed */;
			targetProxy = BF850B982A4EA650006D5112 /* PBXContainerItemProxy */;
		};
/* End PBXTargetDependency section */

/* Begin PBXVariantGroup section */
		BF850B802A4EA64F006D5112 /* Main.storyboard */ = {
			isa = PBXVariantGroup;
			children = (
				BF850B812A4EA64F006D5112 /* Base */,
			);
			name = Main.storyboard;
			sourceTree = "<group>";
		};
		BF850B852A4EA650006D5112 /* LaunchScreen.storyboard */ = {
			isa = PBXVariantGroup;
			children = (
				BF850B862A4EA650006D5112 /* Base */,
			);
			name = LaunchScreen.storyboard;
			sourceTree = "<group>";
		};
/* End PBXVariantGroup section */

/* Begin XCBuildConfiguration section */
		BF850B9F2A4EA650006D5112 /* Debug */ = {
			isa = XCBuildConfiguration;
			buildSettings = {
				ALWAYS_SEARCH_USER_PATHS = NO;
				CLANG_ANALYZER_NONNULL = YES;
				CLANG_ANALYZER_NUMBER_OBJECT_CONVERSION = YES_AGGRESSIVE;
				CLANG_CXX_LANGUAGE_STANDARD = "gnu++20";
				CLANG_ENABLE_MODULES = YES;
				CLANG_ENABLE_OBJC_ARC = YES;
				CLANG_ENABLE_OBJC_WEAK = YES;
				CLANG_WARN_BLOCK_CAPTURE_AUTORELEASING = YES;
				CLANG_WARN_BOOL_CONVERSION = YES;
				CLANG_WARN_COMMA = YES;
				CLANG_WARN_CONSTANT_CONVERSION = YES;
				CLANG_WARN_DEPRECATED_OBJC_IMPLEMENTATIONS = YES;
				CLANG_WARN_DIRECT_OBJC_ISA_USAGE = YES_ERROR;
				CLANG_WARN_DOCUMENTATION_COMMENTS = YES;
				CLANG_WARN_EMPTY_BODY = YES;
				CLANG_WARN_ENUM_CONVERSION = YES;
				CLANG_WARN_INFINITE_RECURSION = YES;
				CLANG_WARN_INT_CONVERSION = YES;
				CLANG_WARN_NON_LITERAL_NULL_CONVERSION = YES;
				CLANG_WARN_OBJC_IMPLICIT_RETAIN_SELF = YES;
				CLANG_WARN_OBJC_LITERAL_CONVERSION = YES;
				CLANG_WARN_OBJC_ROOT_CLASS = YES_ERROR;
				CLANG_WARN_QUOTED_INCLUDE_IN_FRAMEWORK_HEADER = YES;
				CLANG_WARN_RANGE_LOOP_ANALYSIS = YES;
				CLANG_WARN_STRICT_PROTOTYPES = YES;
				CLANG_WARN_SUSPICIOUS_MOVE = YES;
				CLANG_WARN_UNGUARDED_AVAILABILITY = YES_AGGRESSIVE;
				CLANG_WARN_UNREACHABLE_CODE = YES;
				CLANG_WARN__DUPLICATE_METHOD_MATCH = YES;
				COPY_PHASE_STRIP = NO;
				DEBUG_INFORMATION_FORMAT = dwarf;
				ENABLE_STRICT_OBJC_MSGSEND = YES;
				ENABLE_TESTABILITY = YES;
				GCC_C_LANGUAGE_STANDARD = gnu11;
				GCC_DYNAMIC_NO_PIC = NO;
				GCC_NO_COMMON_BLOCKS = YES;
				GCC_OPTIMIZATION_LEVEL = 0;
				GCC_PREPROCESSOR_DEFINITIONS = (
					"DEBUG=1",
					"$(inherited)",
				);
				GCC_WARN_64_TO_32_BIT_CONVERSION = YES;
				GCC_WARN_ABOUT_RETURN_TYPE = YES_ERROR;
				GCC_WARN_UNDECLARED_SELECTOR = YES;
				GCC_WARN_UNINITIALIZED_AUTOS = YES_AGGRESSIVE;
				GCC_WARN_UNUSED_FUNCTION = YES;
				GCC_WARN_UNUSED_VARIABLE = YES;
				IPHONEOS_DEPLOYMENT_TARGET = 16.4;
				MTL_ENABLE_DEBUG_INFO = INCLUDE_SOURCE;
				MTL_FAST_MATH = YES;
				ONLY_ACTIVE_ARCH = YES;
				OTHER_SWIFT_FLAGS = "-cxx-interoperability-mode=default";
				SDKROOT = iphoneos;
				SWIFT_ACTIVE_COMPILATION_CONDITIONS = DEBUG;
				SWIFT_INCLUDE_PATHS = ./ios_cpp_mixed/cpplib;
				SWIFT_OPTIMIZATION_LEVEL = "-Onone";
			};
			name = Debug;
		};
		BF850BA02A4EA650006D5112 /* Release */ = {
			isa = XCBuildConfiguration;
			buildSettings = {
				ALWAYS_SEARCH_USER_PATHS = NO;
				CLANG_ANALYZER_NONNULL = YES;
				CLANG_ANALYZER_NUMBER_OBJECT_CONVERSION = YES_AGGRESSIVE;
				CLANG_CXX_LANGUAGE_STANDARD = "gnu++20";
				CLANG_ENABLE_MODULES = YES;
				CLANG_ENABLE_OBJC_ARC = YES;
				CLANG_ENABLE_OBJC_WEAK = YES;
				CLANG_WARN_BLOCK_CAPTURE_AUTORELEASING = YES;
				CLANG_WARN_BOOL_CONVERSION = YES;
				CLANG_WARN_COMMA = YES;
				CLANG_WARN_CONSTANT_CONVERSION = YES;
				CLANG_WARN_DEPRECATED_OBJC_IMPLEMENTATIONS = YES;
				CLANG_WARN_DIRECT_OBJC_ISA_USAGE = YES_ERROR;
				CLANG_WARN_DOCUMENTATION_COMMENTS = YES;
				CLANG_WARN_EMPTY_BODY = YES;
				CLANG_WARN_ENUM_CONVERSION = YES;
				CLANG_WARN_INFINITE_RECURSION = YES;
				CLANG_WARN_INT_CONVERSION = YES;
				CLANG_WARN_NON_LITERAL_NULL_CONVERSION = YES;
				CLANG_WARN_OBJC_IMPLICIT_RETAIN_SELF = YES;
				CLANG_WARN_OBJC_LITERAL_CONVERSION = YES;
				CLANG_WARN_OBJC_ROOT_CLASS = YES_ERROR;
				CLANG_WARN_QUOTED_INCLUDE_IN_FRAMEWORK_HEADER = YES;
				CLANG_WARN_RANGE_LOOP_ANALYSIS = YES;
				CLANG_WARN_STRICT_PROTOTYPES = YES;
				CLANG_WARN_SUSPICIOUS_MOVE = YES;
				CLANG_WARN_UNGUARDED_AVAILABILITY = YES_AGGRESSIVE;
				CLANG_WARN_UNREACHABLE_CODE = YES;
				CLANG_WARN__DUPLICATE_METHOD_MATCH = YES;
				COPY_PHASE_STRIP = NO;
				DEBUG_INFORMATION_FORMAT = "dwarf-with-dsym";
				ENABLE_NS_ASSERTIONS = NO;
				ENABLE_STRICT_OBJC_MSGSEND = YES;
				GCC_C_LANGUAGE_STANDARD = gnu11;
				GCC_NO_COMMON_BLOCKS = YES;
				GCC_WARN_64_TO_32_BIT_CONVERSION = YES;
				GCC_WARN_ABOUT_RETURN_TYPE = YES_ERROR;
				GCC_WARN_UNDECLARED_SELECTOR = YES;
				GCC_WARN_UNINITIALIZED_AUTOS = YES_AGGRESSIVE;
				GCC_WARN_UNUSED_FUNCTION = YES;
				GCC_WARN_UNUSED_VARIABLE = YES;
				IPHONEOS_DEPLOYMENT_TARGET = 16.4;
				MTL_ENABLE_DEBUG_INFO = NO;
				MTL_FAST_MATH = YES;
				OTHER_SWIFT_FLAGS = "-cxx-interoperability-mode=default";
				SDKROOT = iphoneos;
				SWIFT_COMPILATION_MODE = wholemodule;
				SWIFT_INCLUDE_PATHS = ./ios_cpp_mixed/cpplib;
				SWIFT_OPTIMIZATION_LEVEL = "-O";
				VALIDATE_PRODUCT = YES;
			};
			name = Release;
		};
		BF850BA22A4EA650006D5112 /* Debug */ = {
			isa = XCBuildConfiguration;
			buildSettings = {
				ASSETCATALOG_COMPILER_APPICON_NAME = AppIcon;
				ASSETCATALOG_COMPILER_GLOBAL_ACCENT_COLOR_NAME = AccentColor;
				CLANG_ENABLE_MODULES = YES;
				CODE_SIGN_STYLE = Automatic;
				CURRENT_PROJECT_VERSION = 1;
				DEVELOPMENT_TEAM = 27UD72T3WP;
				GENERATE_INFOPLIST_FILE = YES;
				INFOPLIST_FILE = ios_cpp_mixed/Info.plist;
				INFOPLIST_KEY_UIApplicationSupportsIndirectInputEvents = YES;
				INFOPLIST_KEY_UILaunchStoryboardName = LaunchScreen;
				INFOPLIST_KEY_UIMainStoryboardFile = Main;
				INFOPLIST_KEY_UISupportedInterfaceOrientations_iPad = "UIInterfaceOrientationPortrait UIInterfaceOrientationPortraitUpsideDown UIInterfaceOrientationLandscapeLeft UIInterfaceOrientationLandscapeRight";
				INFOPLIST_KEY_UISupportedInterfaceOrientations_iPhone = "UIInterfaceOrientationPortrait UIInterfaceOrientationLandscapeLeft UIInterfaceOrientationLandscapeRight";
				LD_RUNPATH_SEARCH_PATHS = (
					"$(inherited)",
					"@executable_path/Frameworks",
				);
				MARKETING_VERSION = 1.0;
				OTHER_SWIFT_FLAGS = "-enable-experimental-cxx-interop";
				PRODUCT_BUNDLE_IDENTIFIER = "authme.ios-cpp-mixed";
				PRODUCT_NAME = "$(TARGET_NAME)";
				SWIFT_EMIT_LOC_STRINGS = YES;
				SWIFT_INCLUDE_PATHS = ./ios_cpp_mixed/cpplib;
				SWIFT_OBJC_INTEROP_MODE = objc;
				SWIFT_OPTIMIZATION_LEVEL = "-Onone";
				SWIFT_VERSION = 5.0;
				TARGETED_DEVICE_FAMILY = "1,2";
			};
			name = Debug;
		};
		BF850BA32A4EA650006D5112 /* Release */ = {
			isa = XCBuildConfiguration;
			buildSettings = {
				ASSETCATALOG_COMPILER_APPICON_NAME = AppIcon;
				ASSETCATALOG_COMPILER_GLOBAL_ACCENT_COLOR_NAME = AccentColor;
				CLANG_ENABLE_MODULES = YES;
				CODE_SIGN_STYLE = Automatic;
				CURRENT_PROJECT_VERSION = 1;
				DEVELOPMENT_TEAM = 27UD72T3WP;
				GENERATE_INFOPLIST_FILE = YES;
				INFOPLIST_FILE = ios_cpp_mixed/Info.plist;
				INFOPLIST_KEY_UIApplicationSupportsIndirectInputEvents = YES;
				INFOPLIST_KEY_UILaunchStoryboardName = LaunchScreen;
				INFOPLIST_KEY_UIMainStoryboardFile = Main;
				INFOPLIST_KEY_UISupportedInterfaceOrientations_iPad = "UIInterfaceOrientationPortrait UIInterfaceOrientationPortraitUpsideDown UIInterfaceOrientationLandscapeLeft UIInterfaceOrientationLandscapeRight";
				INFOPLIST_KEY_UISupportedInterfaceOrientations_iPhone = "UIInterfaceOrientationPortrait UIInterfaceOrientationLandscapeLeft UIInterfaceOrientationLandscapeRight";
				LD_RUNPATH_SEARCH_PATHS = (
					"$(inherited)",
					"@executable_path/Frameworks",
				);
				MARKETING_VERSION = 1.0;
				OTHER_SWIFT_FLAGS = "-enable-experimental-cxx-interop";
				PRODUCT_BUNDLE_IDENTIFIER = "authme.ios-cpp-mixed";
				PRODUCT_NAME = "$(TARGET_NAME)";
				SWIFT_EMIT_LOC_STRINGS = YES;
				SWIFT_INCLUDE_PATHS = ./ios_cpp_mixed/cpplib;
				SWIFT_OBJC_INTEROP_MODE = objc;
				SWIFT_VERSION = 5.0;
				TARGETED_DEVICE_FAMILY = "1,2";
			};
			name = Release;
		};
		BF850BA52A4EA650006D5112 /* Debug */ = {
			isa = XCBuildConfiguration;
			buildSettings = {
				ALWAYS_EMBED_SWIFT_STANDARD_LIBRARIES = YES;
				BUNDLE_LOADER = "$(TEST_HOST)";
				CODE_SIGN_STYLE = Automatic;
				CURRENT_PROJECT_VERSION = 1;
				DEVELOPMENT_TEAM = 27UD72T3WP;
				GENERATE_INFOPLIST_FILE = YES;
				IPHONEOS_DEPLOYMENT_TARGET = 16.4;
				MARKETING_VERSION = 1.0;
				PRODUCT_BUNDLE_IDENTIFIER = "authme.ios-cpp-mixedTests";
				PRODUCT_NAME = "$(TARGET_NAME)";
				SWIFT_EMIT_LOC_STRINGS = NO;
				SWIFT_VERSION = 5.0;
				TARGETED_DEVICE_FAMILY = "1,2";
				TEST_HOST = "$(BUILT_PRODUCTS_DIR)/ios_cpp_mixed.app/$(BUNDLE_EXECUTABLE_FOLDER_PATH)/ios_cpp_mixed";
			};
			name = Debug;
		};
		BF850BA62A4EA650006D5112 /* Release */ = {
			isa = XCBuildConfiguration;
			buildSettings = {
				ALWAYS_EMBED_SWIFT_STANDARD_LIBRARIES = YES;
				BUNDLE_LOADER = "$(TEST_HOST)";
				CODE_SIGN_STYLE = Automatic;
				CURRENT_PROJECT_VERSION = 1;
				DEVELOPMENT_TEAM = 27UD72T3WP;
				GENERATE_INFOPLIST_FILE = YES;
				IPHONEOS_DEPLOYMENT_TARGET = 16.4;
				MARKETING_VERSION = 1.0;
				PRODUCT_BUNDLE_IDENTIFIER = "authme.ios-cpp-mixedTests";
				PRODUCT_NAME = "$(TARGET_NAME)";
				SWIFT_EMIT_LOC_STRINGS = NO;
				SWIFT_VERSION = 5.0;
				TARGETED_DEVICE_FAMILY = "1,2";
				TEST_HOST = "$(BUILT_PRODUCTS_DIR)/ios_cpp_mixed.app/$(BUNDLE_EXECUTABLE_FOLDER_PATH)/ios_cpp_mixed";
			};
			name = Release;
		};
		BF850BA82A4EA650006D5112 /* Debug */ = {
			isa = XCBuildConfiguration;
			buildSettings = {
				ALWAYS_EMBED_SWIFT_STANDARD_LIBRARIES = YES;
				CODE_SIGN_STYLE = Automatic;
				CURRENT_PROJECT_VERSION = 1;
				DEVELOPMENT_TEAM = 27UD72T3WP;
				GENERATE_INFOPLIST_FILE = YES;
				MARKETING_VERSION = 1.0;
				PRODUCT_BUNDLE_IDENTIFIER = "authme.ios-cpp-mixedUITests";
				PRODUCT_NAME = "$(TARGET_NAME)";
				SWIFT_EMIT_LOC_STRINGS = NO;
				SWIFT_VERSION = 5.0;
				TARGETED_DEVICE_FAMILY = "1,2";
				TEST_TARGET_NAME = ios_cpp_mixed;
			};
			name = Debug;
		};
		BF850BA92A4EA650006D5112 /* Release */ = {
			isa = XCBuildConfiguration;
			buildSettings = {
				ALWAYS_EMBED_SWIFT_STANDARD_LIBRARIES = YES;
				CODE_SIGN_STYLE = Automatic;
				CURRENT_PROJECT_VERSION = 1;
				DEVELOPMENT_TEAM = 27UD72T3WP;
				GENERATE_INFOPLIST_FILE = YES;
				MARKETING_VERSION = 1.0;
				PRODUCT_BUNDLE_IDENTIFIER = "authme.ios-cpp-mixedUITests";
				PRODUCT_NAME = "$(TARGET_NAME)";
				SWIFT_EMIT_LOC_STRINGS = NO;
				SWIFT_VERSION = 5.0;
				TARGETED_DEVICE_FAMILY = "1,2";
				TEST_TARGET_NAME = ios_cpp_mixed;
			};
			name = Release;
		};
/* End XCBuildConfiguration section */

/* Begin XCConfigurationList section */
		BF850B722A4EA64F006D5112 /* Build configuration list for PBXProject "ios_cpp_mixed" */ = {
			isa = XCConfigurationList;
			buildConfigurations = (
				BF850B9F2A4EA650006D5112 /* Debug */,
				BF850BA02A4EA650006D5112 /* Release */,
			);
			defaultConfigurationIsVisible = 0;
			defaultConfigurationName = Release;
		};
		BF850BA12A4EA650006D5112 /* Build configuration list for PBXNativeTarget "ios_cpp_mixed" */ = {
			isa = XCConfigurationList;
			buildConfigurations = (
				BF850BA22A4EA650006D5112 /* Debug */,
				BF850BA32A4EA650006D5112 /* Release */,
			);
			defaultConfigurationIsVisible = 0;
			defaultConfigurationName = Release;
		};
		BF850BA42A4EA650006D5112 /* Build configuration list for PBXNativeTarget "ios_cpp_mixedTests" */ = {
			isa = XCConfigurationList;
			buildConfigurations = (
				BF850BA52A4EA650006D5112 /* Debug */,
				BF850BA62A4EA650006D5112 /* Release */,
			);
			defaultConfigurationIsVisible = 0;
			defaultConfigurationName = Release;
		};
		BF850BA72A4EA650006D5112 /* Build configuration list for PBXNativeTarget "ios_cpp_mixedUITests" */ = {
			isa = XCConfigurationList;
			buildConfigurations = (
				BF850BA82A4EA650006D5112 /* Debug */,
				BF850BA92A4EA650006D5112 /* Release */,
			);
			defaultConfigurationIsVisible = 0;
			defaultConfigurationName = Release;
		};
/* End XCConfigurationList section */
	};
	rootObject = BF850B6F2A4EA64F006D5112 /* Project object */;
}
